Microsoft Visual Studio Solution File, Format Version 11.00
# Visual Studio 2008

Project("{038BCAAF-70B8-B624-DE0D-9ECCD63EEAE7}") = "TribalDancerGGJ", "Assembly-CSharp.csproj", "{68188EEB-262C-CC5F-52FB-5E84F9A9D9B2}"
EndProject
Global
	GlobalSection(SolutionConfigurationPlatforms) = preSolution
		Debug|Any CPU = Debug|Any CPU
		Release|Any CPU = Release|Any CPU
	EndGlobalSection
	GlobalSection(ProjectConfigurationPlatforms) = postSolution
		{68188EEB-262C-CC5F-52FB-5E84F9A9D9B2}.Debug|Any CPU.ActiveCfg = Debug|Any CPU
		{68188EEB-262C-CC5F-52FB-5E84F9A9D9B2}.Debug|Any CPU.Build.0 = Debug|Any CPU
		{68188EEB-262C-CC5F-52FB-5E84F9A9D9B2}.Release|Any CPU.ActiveCfg = Release|Any CPU
		{68188EEB-262C-CC5F-52FB-5E84F9A9D9B2}.Release|Any CPU.Build.0 = Release|Any CPU
	EndGlobalSection
	GlobalSection(SolutionProperties) = preSolution
		HideSolutionNode = FALSE
	EndGlobalSection
	GlobalSection(MonoDevelopProperties) = preSolution
		StartupItem = Assembly-CSharp.csproj
	EndGlobalSection
EndGlobal
